{
  "version": 4,
  "terraform_version": "1.3.6",
  "serial": 15,
  "lineage": "6a776ea0-b4e6-efdd-8f9a-befed85c729f",
  "outputs": {
    "conteudo": {
      "value": "vindo do output",
      "type": "string"
    },
    "id-do-arquivo": {
      "value": "61ddbd9aaf3ad21b5aac7cf7bece006675d6c847",
      "type": "string"
    }
  },
  "resources": [
    {
      "mode": "data",
      "type": "local_file",
      "name": "exemplo",
      "provider": "provider[\"registry.terraform.io/hashicorp/local\"]",
      "instances": [
        {
          "schema_version": 0,
          "attributes": {
            "content": "vindo do output",
            "content_base64": "dmluZG8gZG8gb3V0cHV0",
            "filename": "exemplo.txt",
            "id": "61ddbd9aaf3ad21b5aac7cf7bece006675d6c847"
          },
          "sensitive_attributes": []
        }
      ]
    },
    {
      "mode": "managed",
      "type": "local_file",
      "name": "exemplo",
      "provider": "provider[\"registry.terraform.io/hashicorp/local\"]",
      "instances": [
        {
          "schema_version": 0,
          "attributes": {
            "content": "vindo do output",
            "content_base64": null,
            "directory_permission": "0777",
            "file_permission": "0777",
            "filename": "exemplo.txt",
            "id": "61ddbd9aaf3ad21b5aac7cf7bece006675d6c847",
            "sensitive_content": null,
            "source": null
          },
          "sensitive_attributes": [],
          "private": "bnVsbA=="
        }
      ]
    }
  ],
  "check_results": null
}
